// !$*UTF8*$!
{
	archiveVersion = 1;
	classes = {
	};
	objectVersion = 56;
	objects = {

/* Begin PBXBuildFile section */
		A5206C932BB41DB000A660E4 /* VIPER_SwiftUI_Combine_SampleApp.swift in Sources */ = {isa = PBXBuildFile; fileRef = A5206C922BB41DB000A660E4 /* VIPER_SwiftUI_Combine_SampleApp.swift */; };
		A5206C952BB41DB000A660E4 /* TripListView.swift in Sources */ = {isa = PBXBuildFile; fileRef = A5206C942BB41DB000A660E4 /* TripListView.swift */; };
		A5206C972BB41DB200A660E4 /* Assets.xcassets in Resources */ = {isa = PBXBuildFile; fileRef = A5206C962BB41DB200A660E4 /* Assets.xcassets */; };
		A5206C9A2BB41DB200A660E4 /* Preview Assets.xcassets in Resources */ = {isa = PBXBuildFile; fileRef = A5206C992BB41DB200A660E4 /* Preview Assets.xcassets */; };
		A5206CA22BB4234100A660E4 /* Trip.swift in Sources */ = {isa = PBXBuildFile; fileRef = A5206CA12BB4234100A660E4 /* Trip.swift */; };
		A5206CA42BB4238D00A660E4 /* Waypoint.swift in Sources */ = {isa = PBXBuildFile; fileRef = A5206CA32BB4238D00A660E4 /* Waypoint.swift */; };
		A5206CA72BB4266000A660E4 /* MapDataProvider.swift in Sources */ = {isa = PBXBuildFile; fileRef = A5206CA62BB4266000A660E4 /* MapDataProvider.swift */; };
		A5206CA92BB42AED00A660E4 /* DataModel.swift in Sources */ = {isa = PBXBuildFile; fileRef = A5206CA82BB42AED00A660E4 /* DataModel.swift */; };
		A5206CAB2BB42B3A00A660E4 /* Persistance.swift in Sources */ = {isa = PBXBuildFile; fileRef = A5206CAA2BB42B3A00A660E4 /* Persistance.swift */; };
		A5206CAF2BB4322D00A660E4 /* TripListInteractor.swift in Sources */ = {isa = PBXBuildFile; fileRef = A5206CAE2BB4322D00A660E4 /* TripListInteractor.swift */; };
		A5206CB22BB432D700A660E4 /* TripListPresenter.swift in Sources */ = {isa = PBXBuildFile; fileRef = A5206CB12BB432D700A660E4 /* TripListPresenter.swift */; };
		A5206CB62BB4355000A660E4 /* TripListCell.swift in Sources */ = {isa = PBXBuildFile; fileRef = A5206CB52BB4355000A660E4 /* TripListCell.swift */; };
		A5206CB82BB4358C00A660E4 /* ImageDataProvider.swift in Sources */ = {isa = PBXBuildFile; fileRef = A5206CB72BB4358C00A660E4 /* ImageDataProvider.swift */; };
		A5206CBA2BB4382E00A660E4 /* SplitImage.swift in Sources */ = {isa = PBXBuildFile; fileRef = A5206CB92BB4382E00A660E4 /* SplitImage.swift */; };
		A5206CBC2BB4390500A660E4 /* MapView.swift in Sources */ = {isa = PBXBuildFile; fileRef = A5206CBB2BB4390500A660E4 /* MapView.swift */; };
		A5206CBE2BB43CD900A660E4 /* default.json in Resources */ = {isa = PBXBuildFile; fileRef = A5206CBD2BB43CD900A660E4 /* default.json */; };
		A5206CC02BB441A800A660E4 /* ContentView.swift in Sources */ = {isa = PBXBuildFile; fileRef = A5206CBF2BB441A800A660E4 /* ContentView.swift */; };
		A5206CC22BB4592900A660E4 /* TripDetailInteractor.swift in Sources */ = {isa = PBXBuildFile; fileRef = A5206CC12BB4592900A660E4 /* TripDetailInteractor.swift */; };
		A5206CC42BB459C000A660E4 /* TripDetailPresenter.swift in Sources */ = {isa = PBXBuildFile; fileRef = A5206CC32BB459C000A660E4 /* TripDetailPresenter.swift */; };
		A5206CC62BB45A3600A660E4 /* TripDetailView.swift in Sources */ = {isa = PBXBuildFile; fileRef = A5206CC52BB45A3600A660E4 /* TripDetailView.swift */; };
		A5206CC92BB45B3500A660E4 /* TripListRouter.swift in Sources */ = {isa = PBXBuildFile; fileRef = A5206CC82BB45B3500A660E4 /* TripListRouter.swift */; };
/* End PBXBuildFile section */

/* Begin PBXFileReference section */
		A5206C8F2BB41DB000A660E4 /* VIPER_SwiftUI_Combine_Sample.app */ = {isa = PBXFileReference; explicitFileType = wrapper.application; includeInIndex = 0; path = VIPER_SwiftUI_Combine_Sample.app; sourceTree = BUILT_PRODUCTS_DIR; };
		A5206C922BB41DB000A660E4 /* VIPER_SwiftUI_Combine_SampleApp.swift */ = {isa = PBXFileReference; lastKnownFileType = sourcecode.swift; path = VIPER_SwiftUI_Combine_SampleApp.swift; sourceTree = "<group>"; };
		A5206C942BB41DB000A660E4 /* TripListView.swift */ = {isa = PBXFileReference; lastKnownFileType = sourcecode.swift; path = TripListView.swift; sourceTree = "<group>"; };
		A5206C962BB41DB200A660E4 /* Assets.xcassets */ = {isa = PBXFileReference; lastKnownFileType = folder.assetcatalog; path = Assets.xcassets; sourceTree = "<group>"; };
		A5206C992BB41DB200A660E4 /* Preview Assets.xcassets */ = {isa = PBXFileReference; lastKnownFileType = folder.assetcatalog; path = "Preview Assets.xcassets"; sourceTree = "<group>"; };
		A5206CA12BB4234100A660E4 /* Trip.swift */ = {isa = PBXFileReference; lastKnownFileType = sourcecode.swift; path = Trip.swift; sourceTree = "<group>"; };
		A5206CA32BB4238D00A660E4 /* Waypoint.swift */ = {isa = PBXFileReference; lastKnownFileType = sourcecode.swift; path = Waypoint.swift; sourceTree = "<group>"; };
		A5206CA62BB4266000A660E4 /* MapDataProvider.swift */ = {isa = PBXFileReference; lastKnownFileType = sourcecode.swift; path = MapDataProvider.swift; sourceTree = "<group>"; };
		A5206CA82BB42AED00A660E4 /* DataModel.swift */ = {isa = PBXFileReference; lastKnownFileType = sourcecode.swift; path = DataModel.swift; sourceTree = "<group>"; };
		A5206CAA2BB42B3A00A660E4 /* Persistance.swift */ = {isa = PBXFileReference; lastKnownFileType = sourcecode.swift; path = Persistance.swift; sourceTree = "<group>"; };
		A5206CAE2BB4322D00A660E4 /* TripListInteractor.swift */ = {isa = PBXFileReference; lastKnownFileType = sourcecode.swift; path = TripListInteractor.swift; sourceTree = "<group>"; };
		A5206CB12BB432D700A660E4 /* TripListPresenter.swift */ = {isa = PBXFileReference; lastKnownFileType = sourcecode.swift; path = TripListPresenter.swift; sourceTree = "<group>"; };
		A5206CB52BB4355000A660E4 /* TripListCell.swift */ = {isa = PBXFileReference; lastKnownFileType = sourcecode.swift; path = TripListCell.swift; sourceTree = "<group>"; };
		A5206CB72BB4358C00A660E4 /* ImageDataProvider.swift */ = {isa = PBXFileReference; lastKnownFileType = sourcecode.swift; path = ImageDataProvider.swift; sourceTree = "<group>"; };
		A5206CB92BB4382E00A660E4 /* SplitImage.swift */ = {isa = PBXFileReference; lastKnownFileType = sourcecode.swift; path = SplitImage.swift; sourceTree = "<group>"; };
		A5206CBB2BB4390500A660E4 /* MapView.swift */ = {isa = PBXFileReference; lastKnownFileType = sourcecode.swift; path = MapView.swift; sourceTree = "<group>"; };
		A5206CBD2BB43CD900A660E4 /* default.json */ = {isa = PBXFileReference; fileEncoding = 4; lastKnownFileType = text.json; path = default.json; sourceTree = "<group>"; };
		A5206CBF2BB441A800A660E4 /* ContentView.swift */ = {isa = PBXFileReference; lastKnownFileType = sourcecode.swift; path = ContentView.swift; sourceTree = "<group>"; };
		A5206CC12BB4592900A660E4 /* TripDetailInteractor.swift */ = {isa = PBXFileReference; lastKnownFileType = sourcecode.swift; path = TripDetailInteractor.swift; sourceTree = "<group>"; };
		A5206CC32BB459C000A660E4 /* TripDetailPresenter.swift */ = {isa = PBXFileReference; lastKnownFileType = sourcecode.swift; path = TripDetailPresenter.swift; sourceTree = "<group>"; };
		A5206CC52BB45A3600A660E4 /* TripDetailView.swift */ = {isa = PBXFileReference; lastKnownFileType = sourcecode.swift; path = TripDetailView.swift; sourceTree = "<group>"; };
		A5206CC82BB45B3500A660E4 /* TripListRouter.swift */ = {isa = PBXFileReference; lastKnownFileType = sourcecode.swift; path = TripListRouter.swift; sourceTree = "<group>"; };
/* End PBXFileReference section */

/* Begin PBXFrameworksBuildPhase section */
		A5206C8C2BB41DB000A660E4 /* Frameworks */ = {
			isa = PBXFrameworksBuildPhase;
			buildActionMask = 2147483647;
			files = (
			);
			runOnlyForDeploymentPostprocessing = 0;
		};
/* End PBXFrameworksBuildPhase section */

/* Begin PBXGroup section */
		A5206C862BB41DB000A660E4 = {
			isa = PBXGroup;
			children = (
				A5206C912BB41DB000A660E4 /* VIPER_SwiftUI_Combine_Sample */,
				A5206C902BB41DB000A660E4 /* Products */,
			);
			sourceTree = "<group>";
		};
		A5206C902BB41DB000A660E4 /* Products */ = {
			isa = PBXGroup;
			children = (
				A5206C8F2BB41DB000A660E4 /* VIPER_SwiftUI_Combine_Sample.app */,
			);
			name = Products;
			sourceTree = "<group>";
		};
		A5206C912BB41DB000A660E4 /* VIPER_SwiftUI_Combine_Sample */ = {
			isa = PBXGroup;
			children = (
				A5206C962BB41DB200A660E4 /* Assets.xcassets */,
				A5206CA52BB4264200A660E4 /* DataSource */,
				A5206CBD2BB43CD900A660E4 /* default.json */,
				A5206CA02BB4233200A660E4 /* Entities */,
				A5206CB42BB4351700A660E4 /* FunctionalView */,
				A5206CAD2BB4320A00A660E4 /* Interactor */,
				A5206CB02BB432C400A660E4 /* Presenter */,
				A5206C982BB41DB200A660E4 /* Preview Content */,
				A5206CC72BB45B1E00A660E4 /* Router */,
				A5206CB32BB4342C00A660E4 /* View */,
				A5206C922BB41DB000A660E4 /* VIPER_SwiftUI_Combine_SampleApp.swift */,
			);
			path = VIPER_SwiftUI_Combine_Sample;
			sourceTree = "<group>";
		};
		A5206C982BB41DB200A660E4 /* Preview Content */ = {
			isa = PBXGroup;
			children = (
				A5206C992BB41DB200A660E4 /* Preview Assets.xcassets */,
			);
			path = "Preview Content";
			sourceTree = "<group>";
		};
		A5206CA02BB4233200A660E4 /* Entities */ = {
			isa = PBXGroup;
			children = (
				A5206CA12BB4234100A660E4 /* Trip.swift */,
				A5206CA32BB4238D00A660E4 /* Waypoint.swift */,
				A5206CA82BB42AED00A660E4 /* DataModel.swift */,
			);
			path = Entities;
			sourceTree = "<group>";
		};
		A5206CA52BB4264200A660E4 /* DataSource */ = {
			isa = PBXGroup;
			children = (
				A5206CA62BB4266000A660E4 /* MapDataProvider.swift */,
				A5206CAA2BB42B3A00A660E4 /* Persistance.swift */,
				A5206CB72BB4358C00A660E4 /* ImageDataProvider.swift */,
			);
			path = DataSource;
			sourceTree = "<group>";
		};
		A5206CAD2BB4320A00A660E4 /* Interactor */ = {
			isa = PBXGroup;
			children = (
				A5206CAE2BB4322D00A660E4 /* TripListInteractor.swift */,
				A5206CC12BB4592900A660E4 /* TripDetailInteractor.swift */,
			);
			path = Interactor;
			sourceTree = "<group>";
		};
		A5206CB02BB432C400A660E4 /* Presenter */ = {
			isa = PBXGroup;
			children = (
				A5206CB12BB432D700A660E4 /* TripListPresenter.swift */,
				A5206CC32BB459C000A660E4 /* TripDetailPresenter.swift */,
			);
			path = Presenter;
			sourceTree = "<group>";
		};
		A5206CB32BB4342C00A660E4 /* View */ = {
			isa = PBXGroup;
			children = (
				A5206CBF2BB441A800A660E4 /* ContentView.swift */,
				A5206CC52BB45A3600A660E4 /* TripDetailView.swift */,
				A5206C942BB41DB000A660E4 /* TripListView.swift */,
			);
			path = View;
			sourceTree = "<group>";
		};
		A5206CB42BB4351700A660E4 /* FunctionalView */ = {
			isa = PBXGroup;
			children = (
				A5206CB52BB4355000A660E4 /* TripListCell.swift */,
				A5206CB92BB4382E00A660E4 /* SplitImage.swift */,
				A5206CBB2BB4390500A660E4 /* MapView.swift */,
			);
			path = FunctionalView;
			sourceTree = "<group>";
		};
		A5206CC72BB45B1E00A660E4 /* Router */ = {
			isa = PBXGroup;
			children = (
				A5206CC82BB45B3500A660E4 /* TripListRouter.swift */,
			);
			path = Router;
			sourceTree = "<group>";
		};
/* End PBXGroup section */

/* Begin PBXNativeTarget section */
		A5206C8E2BB41DB000A660E4 /* VIPER_SwiftUI_Combine_Sample */ = {
			isa = PBXNativeTarget;
			buildConfigurationList = A5206C9D2BB41DB200A660E4 /* Build configuration list for PBXNativeTarget "VIPER_SwiftUI_Combine_Sample" */;
			buildPhases = (
				A5206C8B2BB41DB000A660E4 /* Sources */,
				A5206C8C2BB41DB000A660E4 /* Frameworks */,
				A5206C8D2BB41DB000A660E4 /* Resources */,
			);
			buildRules = (
			);
			dependencies = (
			);
			name = VIPER_SwiftUI_Combine_Sample;
			productName = VIPER_SwiftUI_Combine_Sample;
			productReference = A5206C8F2BB41DB000A660E4 /* VIPER_SwiftUI_Combine_Sample.app */;
			productType = "com.apple.product-type.application";
		};
/* End PBXNativeTarget section */

/* Begin PBXProject section */
		A5206C872BB41DB000A660E4 /* Project object */ = {
			isa = PBXProject;
			attributes = {
				BuildIndependentTargetsInParallel = 1;
				LastSwiftUpdateCheck = 1530;
				LastUpgradeCheck = 1530;
				TargetAttributes = {
					A5206C8E2BB41DB000A660E4 = {
						CreatedOnToolsVersion = 15.3;
					};
				};
			};
			buildConfigurationList = A5206C8A2BB41DB000A660E4 /* Build configuration list for PBXProject "VIPER_SwiftUI_Combine_Sample" */;
			compatibilityVersion = "Xcode 14.0";
			developmentRegion = en;
			hasScannedForEncodings = 0;
			knownRegions = (
				en,
				Base,
			);
			mainGroup = A5206C862BB41DB000A660E4;
			productRefGroup = A5206C902BB41DB000A660E4 /* Products */;
			projectDirPath = "";
			projectRoot = "";
			targets = (
				A5206C8E2BB41DB000A660E4 /* VIPER_SwiftUI_Combine_Sample */,
			);
		};
/* End PBXProject section */

/* Begin PBXResourcesBuildPhase section */
		A5206C8D2BB41DB000A660E4 /* Resources */ = {
			isa = PBXResourcesBuildPhase;
			buildActionMask = 2147483647;
			files = (
				A5206CBE2BB43CD900A660E4 /* default.json in Resources */,
				A5206C9A2BB41DB200A660E4 /* Preview Assets.xcassets in Resources */,
				A5206C972BB41DB200A660E4 /* Assets.xcassets in Resources */,
			);
			runOnlyForDeploymentPostprocessing = 0;
		};
/* End PBXResourcesBuildPhase section */

/* Begin PBXSourcesBuildPhase section */
		A5206C8B2BB41DB000A660E4 /* Sources */ = {
			isa = PBXSourcesBuildPhase;
			buildActionMask = 2147483647;
			files = (
				A5206CAB2BB42B3A00A660E4 /* Persistance.swift in Sources */,
				A5206CAF2BB4322D00A660E4 /* TripListInteractor.swift in Sources */,
				A5206CC02BB441A800A660E4 /* ContentView.swift in Sources */,
				A5206CA42BB4238D00A660E4 /* Waypoint.swift in Sources */,
				A5206CB22BB432D700A660E4 /* TripListPresenter.swift in Sources */,
				A5206CBC2BB4390500A660E4 /* MapView.swift in Sources */,
				A5206CB82BB4358C00A660E4 /* ImageDataProvider.swift in Sources */,
				A5206CC22BB4592900A660E4 /* TripDetailInteractor.swift in Sources */,
				A5206CB62BB4355000A660E4 /* TripListCell.swift in Sources */,
				A5206CC92BB45B3500A660E4 /* TripListRouter.swift in Sources */,
				A5206CBA2BB4382E00A660E4 /* SplitImage.swift in Sources */,
				A5206CA22BB4234100A660E4 /* Trip.swift in Sources */,
				A5206CC62BB45A3600A660E4 /* TripDetailView.swift in Sources */,
				A5206CA72BB4266000A660E4 /* MapDataProvider.swift in Sources */,
				A5206C952BB41DB000A660E4 /* TripListView.swift in Sources */,
				A5206C932BB41DB000A660E4 /* VIPER_SwiftUI_Combine_SampleApp.swift in Sources */,
				A5206CC42BB459C000A660E4 /* TripDetailPresenter.swift in Sources */,
				A5206CA92BB42AED00A660E4 /* DataModel.swift in Sources */,
			);
			runOnlyForDeploymentPostprocessing = 0;
		};
/* End PBXSourcesBuildPhase section */

/* Begin XCBuildConfiguration section */
		A5206C9B2BB41DB200A660E4 /* Debug */ = {
			isa = XCBuildConfiguration;
			buildSettings = {
				ALWAYS_SEARCH_USER_PATHS = NO;
				ASSETCATALOG_COMPILER_GENERATE_SWIFT_ASSET_SYMBOL_EXTENSIONS = YES;
				CLANG_ANALYZER_NONNULL = YES;
				CLANG_ANALYZER_NUMBER_OBJECT_CONVERSION = YES_AGGRESSIVE;
				CLANG_CXX_LANGUAGE_STANDARD = "gnu++20";
				CLANG_ENABLE_MODULES = YES;
				CLANG_ENABLE_OBJC_ARC = YES;
				CLANG_ENABLE_OBJC_WEAK = YES;
				CLANG_WARN_BLOCK_CAPTURE_AUTORELEASING = YES;
				CLANG_WARN_BOOL_CONVERSION = YES;
				CLANG_WARN_COMMA = YES;
				CLANG_WARN_CONSTANT_CONVERSION = YES;
				CLANG_WARN_DEPRECATED_OBJC_IMPLEMENTATIONS = YES;
				CLANG_WARN_DIRECT_OBJC_ISA_USAGE = YES_ERROR;
				CLANG_WARN_DOCUMENTATION_COMMENTS = YES;
				CLANG_WARN_EMPTY_BODY = YES;
				CLANG_WARN_ENUM_CONVERSION = YES;
				CLANG_WARN_INFINITE_RECURSION = YES;
				CLANG_WARN_INT_CONVERSION = YES;
				CLANG_WARN_NON_LITERAL_NULL_CONVERSION = YES;
				CLANG_WARN_OBJC_IMPLICIT_RETAIN_SELF = YES;
				CLANG_WARN_OBJC_LITERAL_CONVERSION = YES;
				CLANG_WARN_OBJC_ROOT_CLASS = YES_ERROR;
				CLANG_WARN_QUOTED_INCLUDE_IN_FRAMEWORK_HEADER = YES;
				CLANG_WARN_RANGE_LOOP_ANALYSIS = YES;
				CLANG_WARN_STRICT_PROTOTYPES = YES;
				CLANG_WARN_SUSPICIOUS_MOVE = YES;
				CLANG_WARN_UNGUARDED_AVAILABILITY = YES_AGGRESSIVE;
				CLANG_WARN_UNREACHABLE_CODE = YES;
				CLANG_WARN__DUPLICATE_METHOD_MATCH = YES;
				COPY_PHASE_STRIP = NO;
				DEBUG_INFORMATION_FORMAT = dwarf;
				ENABLE_STRICT_OBJC_MSGSEND = YES;
				ENABLE_TESTABILITY = YES;
				ENABLE_USER_SCRIPT_SANDBOXING = YES;
				GCC_C_LANGUAGE_STANDARD = gnu17;
				GCC_DYNAMIC_NO_PIC = NO;
				GCC_NO_COMMON_BLOCKS = YES;
				GCC_OPTIMIZATION_LEVEL = 0;
				GCC_PREPROCESSOR_DEFINITIONS = (
					"DEBUG=1",
					"$(inherited)",
				);
				GCC_WARN_64_TO_32_BIT_CONVERSION = YES;
				GCC_WARN_ABOUT_RETURN_TYPE = YES_ERROR;
				GCC_WARN_UNDECLARED_SELECTOR = YES;
				GCC_WARN_UNINITIALIZED_AUTOS = YES_AGGRESSIVE;
				GCC_WARN_UNUSED_FUNCTION = YES;
				GCC_WARN_UNUSED_VARIABLE = YES;
				IPHONEOS_DEPLOYMENT_TARGET = 17.4;
				LOCALIZATION_PREFERS_STRING_CATALOGS = YES;
				MTL_ENABLE_DEBUG_INFO = INCLUDE_SOURCE;
				MTL_FAST_MATH = YES;
				ONLY_ACTIVE_ARCH = YES;
				SDKROOT = iphoneos;
				SWIFT_ACTIVE_COMPILATION_CONDITIONS = "DEBUG $(inherited)";
				SWIFT_OPTIMIZATION_LEVEL = "-Onone";
			};
			name = Debug;
		};
		A5206C9C2BB41DB200A660E4 /* Release */ = {
			isa = XCBuildConfiguration;
			buildSettings = {
				ALWAYS_SEARCH_USER_PATHS = NO;
				ASSETCATALOG_COMPILER_GENERATE_SWIFT_ASSET_SYMBOL_EXTENSIONS = YES;
				CLANG_ANALYZER_NONNULL = YES;
				CLANG_ANALYZER_NUMBER_OBJECT_CONVERSION = YES_AGGRESSIVE;
				CLANG_CXX_LANGUAGE_STANDARD = "gnu++20";
				CLANG_ENABLE_MODULES = YES;
				CLANG_ENABLE_OBJC_ARC = YES;
				CLANG_ENABLE_OBJC_WEAK = YES;
				CLANG_WARN_BLOCK_CAPTURE_AUTORELEASING = YES;
				CLANG_WARN_BOOL_CONVERSION = YES;
				CLANG_WARN_COMMA = YES;
				CLANG_WARN_CONSTANT_CONVERSION = YES;
				CLANG_WARN_DEPRECATED_OBJC_IMPLEMENTATIONS = YES;
				CLANG_WARN_DIRECT_OBJC_ISA_USAGE = YES_ERROR;
				CLANG_WARN_DOCUMENTATION_COMMENTS = YES;
				CLANG_WARN_EMPTY_BODY = YES;
				CLANG_WARN_ENUM_CONVERSION = YES;
				CLANG_WARN_INFINITE_RECURSION = YES;
				CLANG_WARN_INT_CONVERSION = YES;
				CLANG_WARN_NON_LITERAL_NULL_CONVERSION = YES;
				CLANG_WARN_OBJC_IMPLICIT_RETAIN_SELF = YES;
				CLANG_WARN_OBJC_LITERAL_CONVERSION = YES;
				CLANG_WARN_OBJC_ROOT_CLASS = YES_ERROR;
				CLANG_WARN_QUOTED_INCLUDE_IN_FRAMEWORK_HEADER = YES;
				CLANG_WARN_RANGE_LOOP_ANALYSIS = YES;
				CLANG_WARN_STRICT_PROTOTYPES = YES;
				CLANG_WARN_SUSPICIOUS_MOVE = YES;
				CLANG_WARN_UNGUARDED_AVAILABILITY = YES_AGGRESSIVE;
				CLANG_WARN_UNREACHABLE_CODE = YES;
				CLANG_WARN__DUPLICATE_METHOD_MATCH = YES;
				COPY_PHASE_STRIP = NO;
				DEBUG_INFORMATION_FORMAT = "dwarf-with-dsym";
				ENABLE_NS_ASSERTIONS = NO;
				ENABLE_STRICT_OBJC_MSGSEND = YES;
				ENABLE_USER_SCRIPT_SANDBOXING = YES;
				GCC_C_LANGUAGE_STANDARD = gnu17;
				GCC_NO_COMMON_BLOCKS = YES;
				GCC_WARN_64_TO_32_BIT_CONVERSION = YES;
				GCC_WARN_ABOUT_RETURN_TYPE = YES_ERROR;
				GCC_WARN_UNDECLARED_SELECTOR = YES;
				GCC_WARN_UNINITIALIZED_AUTOS = YES_AGGRESSIVE;
				GCC_WARN_UNUSED_FUNCTION = YES;
				GCC_WARN_UNUSED_VARIABLE = YES;
				IPHONEOS_DEPLOYMENT_TARGET = 17.4;
				LOCALIZATION_PREFERS_STRING_CATALOGS = YES;
				MTL_ENABLE_DEBUG_INFO = NO;
				MTL_FAST_MATH = YES;
				SDKROOT = iphoneos;
				SWIFT_COMPILATION_MODE = wholemodule;
				VALIDATE_PRODUCT = YES;
			};
			name = Release;
		};
		A5206C9E2BB41DB200A660E4 /* Debug */ = {
			isa = XCBuildConfiguration;
			buildSettings = {
				ASSETCATALOG_COMPILER_APPICON_NAME = AppIcon;
				ASSETCATALOG_COMPILER_GLOBAL_ACCENT_COLOR_NAME = AccentColor;
				CODE_SIGN_STYLE = Automatic;
				CURRENT_PROJECT_VERSION = 1;
				DEVELOPMENT_ASSET_PATHS = "\"VIPER_SwiftUI_Combine_Sample/Preview Content\"";
				DEVELOPMENT_TEAM = A8JNN5M7L5;
				ENABLE_PREVIEWS = YES;
				GENERATE_INFOPLIST_FILE = YES;
				INFOPLIST_KEY_UIApplicationSceneManifest_Generation = YES;
				INFOPLIST_KEY_UIApplicationSupportsIndirectInputEvents = YES;
				INFOPLIST_KEY_UILaunchScreen_Generation = YES;
				INFOPLIST_KEY_UISupportedInterfaceOrientations_iPad = "UIInterfaceOrientationPortrait UIInterfaceOrientationPortraitUpsideDown UIInterfaceOrientationLandscapeLeft UIInterfaceOrientationLandscapeRight";
				INFOPLIST_KEY_UISupportedInterfaceOrientations_iPhone = "UIInterfaceOrientationPortrait UIInterfaceOrientationLandscapeLeft UIInterfaceOrientationLandscapeRight";
				LD_RUNPATH_SEARCH_PATHS = (
					"$(inherited)",
					"@executable_path/Frameworks",
				);
				MARKETING_VERSION = 1.0;
				PRODUCT_BUNDLE_IDENTIFIER = "com.sehosseini.VIPER-SwiftUI-Combine-Sample";
				PRODUCT_NAME = "$(TARGET_NAME)";
				SWIFT_EMIT_LOC_STRINGS = YES;
				SWIFT_VERSION = 5.0;
				TARGETED_DEVICE_FAMILY = "1,2";
			};
			name = Debug;
		};
		A5206C9F2BB41DB200A660E4 /* Release */ = {
			isa = XCBuildConfiguration;
			buildSettings = {
				ASSETCATALOG_COMPILER_APPICON_NAME = AppIcon;
				ASSETCATALOG_COMPILER_GLOBAL_ACCENT_COLOR_NAME = AccentColor;
				CODE_SIGN_STYLE = Automatic;
				CURRENT_PROJECT_VERSION = 1;
				DEVELOPMENT_ASSET_PATHS = "\"VIPER_SwiftUI_Combine_Sample/Preview Content\"";
				DEVELOPMENT_TEAM = A8JNN5M7L5;
				ENABLE_PREVIEWS = YES;
				GENERATE_INFOPLIST_FILE = YES;
				INFOPLIST_KEY_UIApplicationSceneManifest_Generation = YES;
				INFOPLIST_KEY_UIApplicationSupportsIndirectInputEvents = YES;
				INFOPLIST_KEY_UILaunchScreen_Generation = YES;
				INFOPLIST_KEY_UISupportedInterfaceOrientations_iPad = "UIInterfaceOrientationPortrait UIInterfaceOrientationPortraitUpsideDown UIInterfaceOrientationLandscapeLeft UIInterfaceOrientationLandscapeRight";
				INFOPLIST_KEY_UISupportedInterfaceOrientations_iPhone = "UIInterfaceOrientationPortrait UIInterfaceOrientationLandscapeLeft UIInterfaceOrientationLandscapeRight";
				LD_RUNPATH_SEARCH_PATHS = (
					"$(inherited)",
					"@executable_path/Frameworks",
				);
				MARKETING_VERSION = 1.0;
				PRODUCT_BUNDLE_IDENTIFIER = "com.sehosseini.VIPER-SwiftUI-Combine-Sample";
				PRODUCT_NAME = "$(TARGET_NAME)";
				SWIFT_EMIT_LOC_STRINGS = YES;
				SWIFT_VERSION = 5.0;
				TARGETED_DEVICE_FAMILY = "1,2";
			};
			name = Release;
		};
/* End XCBuildConfiguration section */

/* Begin XCConfigurationList section */
		A5206C8A2BB41DB000A660E4 /* Build configuration list for PBXProject "VIPER_SwiftUI_Combine_Sample" */ = {
			isa = XCConfigurationList;
			buildConfigurations = (
				A5206C9B2BB41DB200A660E4 /* Debug */,
				A5206C9C2BB41DB200A660E4 /* Release */,
			);
			defaultConfigurationIsVisible = 0;
			defaultConfigurationName = Release;
		};
		A5206C9D2BB41DB200A660E4 /* Build configuration list for PBXNativeTarget "VIPER_SwiftUI_Combine_Sample" */ = {
			isa = XCConfigurationList;
			buildConfigurations = (
				A5206C9E2BB41DB200A660E4 /* Debug */,
				A5206C9F2BB41DB200A660E4 /* Release */,
			);
			defaultConfigurationIsVisible = 0;
			defaultConfigurationName = Release;
		};
/* End XCConfigurationList section */
	};
	rootObject = A5206C872BB41DB000A660E4 /* Project object */;
}
